# This file was autogenerated by uv via the following command:
#    uv pip compile server\requirements.txt -o uv.lock
aiohappyeyeballs==2.7.1
    # via aiohttp
aiohttp==3.14.3
    # via -r server/requirements.txt
aiosignal==1.4.0
    # via aiohttp
attrs==26.1.0
    # via aiohttp
boto3==1.43.63
    # via -r server/requirements.txt
botocore==1.43.63
    # via
    #   boto3
    #   s3transfer
certifi==2026.7.22
    # via requests
charset-normalizer==3.4.9
    # via requests
frozenlist==1.8.0
    # via
    #   aiohttp
    #   aiosignal
idna==3.18
    # via
    #   requests
    #   yarl
jmespath==1.1.0
    # via
    #   boto3
    #   botocore
multidict==6.7.1
    # via
    #   aiohttp
    #   yarl
propcache==0.5.2
    # via
    #   aiohttp
    #   yarl
pyasynchat==1.0.5
    # via pyftpdlib
pyasyncore==1.0.5
    # via
    #   pyasynchat
    #   pyftpdlib
pyftpdlib==2.1.0
    # via -r server/requirements.txt
python-dateutil==2.9.0.post0
    # via botocore
requests==2.34.2
    # via -r server/requirements.txt
s3transfer==0.19.2
    # via boto3
six==1.17.0
    # via python-dateutil
urllib3==2.7.0
    # via
    #   botocore
    #   requests
yarl==1.24.5
    # via aiohttp
